
Microsoft Visual Studio Solution File, Format Version 12.00
# Visual Studio Version 17
VisualStudioVersion = 17.5.002.0
MinimumVisualStudioVersion = 10.0.40219.1
Project("{9A19103F-16F7-4668-BE54-9A1E7A4F7556}") = "AiCommander", "AiCommander.csproj", "{15BDD6EB-E7C8-4465-A71E-FA9C208A5642}"
EndProject
Global
	GlobalSection(SolutionConfigurationPlatforms) = preSolution
		Debug|Any CPU = Debug|Any CPU
		Release|Any CPU = Release|Any CPU
	EndGlobalSection
	GlobalSection(ProjectConfigurationPlatforms) = postSolution
		{15BDD6EB-E7C8-4465-A71E-FA9C208A5642}.Debug|Any CPU.ActiveCfg = Debug|Any CPU
		{15BDD6EB-E7C8-4465-A71E-FA9C208A5642}.Debug|Any CPU.Build.0 = Debug|Any CPU
		{15BDD6EB-E7C8-4465-A71E-FA9C208A5642}.Release|Any CPU.ActiveCfg = Release|Any CPU
		{15BDD6EB-E7C8-4465-A71E-FA9C208A5642}.Release|Any CPU.Build.0 = Release|Any CPU
	EndGlobalSection
	GlobalSection(SolutionProperties) = preSolution
		HideSolutionNode = FALSE
	EndGlobalSection
	GlobalSection(ExtensibilityGlobals) = postSolution
		SolutionGuid = {C12F00B7-4854-4067-95EF-B1FF1DA5CEF4}
	EndGlobalSection
EndGlobal
